
Microsoft Visual Studio Solution File, Format Version 12.00
# Visual Studio 15
VisualStudioVersion = 15.0.28307.757
MinimumVisualStudioVersion = 10.0.40219.1
Project("{9A19103F-16F7-4668-BE54-9A1E7A4F7556}") = "Cricket.Web", "src\Cricket.Web\Cricket.Web.csproj", "{15F07930-E1B7-4FBC-84FA-B9543ECC678E}"
EndProject
Project("{00D1A9C2-B5F0-4AF3-8072-F6C62B433612}") = "Cricket.Data.SQL", "src\Cricket.Data.SQL\Cricket.Data.SQL.sqlproj", "{607C2B09-98A0-4F2A-8A20-C3F9219C333B}"
EndProject
Project("{9A19103F-16F7-4668-BE54-9A1E7A4F7556}") = "Cricket.Domain", "src\Cricket.Domain\Cricket.Domain.csproj", "{C6FB5871-E195-4462-8BE3-CD5E2EB040A9}"
EndProject
Project("{9A19103F-16F7-4668-BE54-9A1E7A4F7556}") = "Cricket.Data", "src\Cricket.Data\Cricket.Data.csproj", "{FB049586-A423-44C7-85B0-0F93D3E7190D}"
EndProject
Global
	GlobalSection(SolutionConfigurationPlatforms) = preSolution
		Debug|Any CPU = Debug|Any CPU
		Release|Any CPU = Release|Any CPU
	EndGlobalSection
	GlobalSection(ProjectConfigurationPlatforms) = postSolution
		{15F07930-E1B7-4FBC-84FA-B9543ECC678E}.Debug|Any CPU.ActiveCfg = Debug|Any CPU
		{15F07930-E1B7-4FBC-84FA-B9543ECC678E}.Debug|Any CPU.Build.0 = Debug|Any CPU
		{15F07930-E1B7-4FBC-84FA-B9543ECC678E}.Release|Any CPU.ActiveCfg = Release|Any CPU
		{15F07930-E1B7-4FBC-84FA-B9543ECC678E}.Release|Any CPU.Build.0 = Release|Any CPU
		{607C2B09-98A0-4F2A-8A20-C3F9219C333B}.Debug|Any CPU.ActiveCfg = Debug|Any CPU
		{607C2B09-98A0-4F2A-8A20-C3F9219C333B}.Debug|Any CPU.Build.0 = Debug|Any CPU
		{607C2B09-98A0-4F2A-8A20-C3F9219C333B}.Debug|Any CPU.Deploy.0 = Debug|Any CPU
		{607C2B09-98A0-4F2A-8A20-C3F9219C333B}.Release|Any CPU.ActiveCfg = Release|Any CPU
		{607C2B09-98A0-4F2A-8A20-C3F9219C333B}.Release|Any CPU.Build.0 = Release|Any CPU
		{607C2B09-98A0-4F2A-8A20-C3F9219C333B}.Release|Any CPU.Deploy.0 = Release|Any CPU
		{C6FB5871-E195-4462-8BE3-CD5E2EB040A9}.Debug|Any CPU.ActiveCfg = Debug|Any CPU
		{C6FB5871-E195-4462-8BE3-CD5E2EB040A9}.Debug|Any CPU.Build.0 = Debug|Any CPU
		{C6FB5871-E195-4462-8BE3-CD5E2EB040A9}.Release|Any CPU.ActiveCfg = Release|Any CPU
		{C6FB5871-E195-4462-8BE3-CD5E2EB040A9}.Release|Any CPU.Build.0 = Release|Any CPU
		{FB049586-A423-44C7-85B0-0F93D3E7190D}.Debug|Any CPU.ActiveCfg = Debug|Any CPU
		{FB049586-A423-44C7-85B0-0F93D3E7190D}.Debug|Any CPU.Build.0 = Debug|Any CPU
		{FB049586-A423-44C7-85B0-0F93D3E7190D}.Release|Any CPU.ActiveCfg = Release|Any CPU
		{FB049586-A423-44C7-85B0-0F93D3E7190D}.Release|Any CPU.Build.0 = Release|Any CPU
	EndGlobalSection
	GlobalSection(SolutionProperties) = preSolution
		HideSolutionNode = FALSE
	EndGlobalSection
	GlobalSection(ExtensibilityGlobals) = postSolution
		SolutionGuid = {2D1EE381-660D-4156-BC8A-ED61D0DF90E8}
	EndGlobalSection
EndGlobal
